
Microsoft Visual Studio Solution File, Format Version 12.00
# Visual Studio Version 17
VisualStudioVersion = 17.0.31903.59
MinimumVisualStudioVersion = 10.0.40219.1
Project("{FAE04EC0-301F-11D3-BF4B-00C04F79EFBC}") = "API", "API\API.csproj", "{E4545742-FE91-485D-885B-4498DAF66700}"
EndProject
Project("{FAE04EC0-301F-11D3-BF4B-00C04F79EFBC}") = "Application", "Application\Application.csproj", "{531B1AB8-F735-4235-89DA-A5F46F333219}"
EndProject
Project("{FAE04EC0-301F-11D3-BF4B-00C04F79EFBC}") = "Domain", "Domain\Domain.csproj", "{907577CD-2E35-4EAD-AF3C-FEE186E48967}"
EndProject
Project("{FAE04EC0-301F-11D3-BF4B-00C04F79EFBC}") = "Persistence", "Persistence\Persistence.csproj", "{528F5951-6C04-41F7-8127-F9A5755C5BF5}"
EndProject
Global
	GlobalSection(SolutionConfigurationPlatforms) = preSolution
		Debug|Any CPU = Debug|Any CPU
		Release|Any CPU = Release|Any CPU
	EndGlobalSection
	GlobalSection(SolutionProperties) = preSolution
		HideSolutionNode = FALSE
	EndGlobalSection
	GlobalSection(ProjectConfigurationPlatforms) = postSolution
		{E4545742-FE91-485D-885B-4498DAF66700}.Debug|Any CPU.ActiveCfg = Debug|Any CPU
		{E4545742-FE91-485D-885B-4498DAF66700}.Debug|Any CPU.Build.0 = Debug|Any CPU
		{E4545742-FE91-485D-885B-4498DAF66700}.Release|Any CPU.ActiveCfg = Release|Any CPU
		{E4545742-FE91-485D-885B-4498DAF66700}.Release|Any CPU.Build.0 = Release|Any CPU
		{531B1AB8-F735-4235-89DA-A5F46F333219}.Debug|Any CPU.ActiveCfg = Debug|Any CPU
		{531B1AB8-F735-4235-89DA-A5F46F333219}.Debug|Any CPU.Build.0 = Debug|Any CPU
		{531B1AB8-F735-4235-89DA-A5F46F333219}.Release|Any CPU.ActiveCfg = Release|Any CPU
		{531B1AB8-F735-4235-89DA-A5F46F333219}.Release|Any CPU.Build.0 = Release|Any CPU
		{907577CD-2E35-4EAD-AF3C-FEE186E48967}.Debug|Any CPU.ActiveCfg = Debug|Any CPU
		{907577CD-2E35-4EAD-AF3C-FEE186E48967}.Debug|Any CPU.Build.0 = Debug|Any CPU
		{907577CD-2E35-4EAD-AF3C-FEE186E48967}.Release|Any CPU.ActiveCfg = Release|Any CPU
		{907577CD-2E35-4EAD-AF3C-FEE186E48967}.Release|Any CPU.Build.0 = Release|Any CPU
		{528F5951-6C04-41F7-8127-F9A5755C5BF5}.Debug|Any CPU.ActiveCfg = Debug|Any CPU
		{528F5951-6C04-41F7-8127-F9A5755C5BF5}.Debug|Any CPU.Build.0 = Debug|Any CPU
		{528F5951-6C04-41F7-8127-F9A5755C5BF5}.Release|Any CPU.ActiveCfg = Release|Any CPU
		{528F5951-6C04-41F7-8127-F9A5755C5BF5}.Release|Any CPU.Build.0 = Release|Any CPU
	EndGlobalSection
EndGlobal
